// !$*UTF8*$!
{
	archiveVersion = 1;
	classes = {
	};
	objectVersion = 46;
	objects = {

/* Begin PBXBuildFile section */
		D4014B7E1A75BC28002688EE /* LinksPageViewController.swift in Sources */ = {isa = PBXBuildFile; fileRef = D4014B7D1A75BC28002688EE /* LinksPageViewController.swift */; };
		D4040FDC22DE072300DE7850 /* schedule.2019.json in Resources */ = {isa = PBXBuildFile; fileRef = D4040FDB22DE072300DE7850 /* schedule.2019.json */; };
		D4079CAA1A47C31100BC333C /* DayLabel.swift in Sources */ = {isa = PBXBuildFile; fileRef = D4079CA91A47C31100BC333C /* DayLabel.swift */; };
		D408FD781A432E45004F0B83 /* AppDelegate.swift in Sources */ = {isa = PBXBuildFile; fileRef = D408FD771A432E45004F0B83 /* AppDelegate.swift */; };
		D408FD7B1A432E45004F0B83 /* TerpScheduler.xcdatamodeld in Sources */ = {isa = PBXBuildFile; fileRef = D408FD791A432E45004F0B83 /* TerpScheduler.xcdatamodeld */; };
		D408FD7D1A432E45004F0B83 /* MainViewController.swift in Sources */ = {isa = PBXBuildFile; fileRef = D408FD7C1A432E45004F0B83 /* MainViewController.swift */; };
		D408FD801A432E45004F0B83 /* Main.storyboard in Resources */ = {isa = PBXBuildFile; fileRef = D408FD7E1A432E45004F0B83 /* Main.storyboard */; };
		D408FD821A432E45004F0B83 /* Images.xcassets in Resources */ = {isa = PBXBuildFile; fileRef = D408FD811A432E45004F0B83 /* Images.xcassets */; };
		D408FD9B1A432EF3004F0B83 /* DailyTaskEntity.swift in Sources */ = {isa = PBXBuildFile; fileRef = D408FD9A1A432EF3004F0B83 /* DailyTaskEntity.swift */; };
		D408FD9D1A43342C004F0B83 /* ClassPeriodViewController.swift in Sources */ = {isa = PBXBuildFile; fileRef = D408FD9C1A43342C004F0B83 /* ClassPeriodViewController.swift */; };
		D416C7191A7039E800AC2AEE /* Repository.swift in Sources */ = {isa = PBXBuildFile; fileRef = D416C7181A7039E800AC2AEE /* Repository.swift */; };
		D416C71B1A704E6B00AC2AEE /* TaskRepository.swift in Sources */ = {isa = PBXBuildFile; fileRef = D416C71A1A704E6B00AC2AEE /* TaskRepository.swift */; };
		D416C71E1A706B2600AC2AEE /* DateRepository.swift in Sources */ = {isa = PBXBuildFile; fileRef = D416C71D1A706B2600AC2AEE /* DateRepository.swift */; };
		D416C7201A706EFA00AC2AEE /* DataTransferManager.swift in Sources */ = {isa = PBXBuildFile; fileRef = D416C71F1A706EFA00AC2AEE /* DataTransferManager.swift */; };
		D41823F61EC5EB15002C5FF7 /* ScheduleTypeData.swift in Sources */ = {isa = PBXBuildFile; fileRef = D41823F51EC5EB15002C5FF7 /* ScheduleTypeData.swift */; };
		D41823FC1EC611C2002C5FF7 /* scheduleTypes.json in Resources */ = {isa = PBXBuildFile; fileRef = D41823FB1EC611C2002C5FF7 /* scheduleTypes.json */; };
		D42EBACD1B6AA1D600E8F5F0 /* ScheduledNotificationsTableViewController.swift in Sources */ = {isa = PBXBuildFile; fileRef = D42EBACC1B6AA1D600E8F5F0 /* ScheduledNotificationsTableViewController.swift */; };
		D42EBACF1B70F0C200E8F5F0 /* JsonBackupWriter.swift in Sources */ = {isa = PBXBuildFile; fileRef = D42EBACE1B70F0C200E8F5F0 /* JsonBackupWriter.swift */; };
		D42EBAD11B70FC0100E8F5F0 /* BackupManager.swift in Sources */ = {isa = PBXBuildFile; fileRef = D42EBAD01B70FC0100E8F5F0 /* BackupManager.swift */; };
		D42EBAD31B7108D100E8F5F0 /* JsonBackupReader.swift in Sources */ = {isa = PBXBuildFile; fileRef = D42EBAD21B7108D100E8F5F0 /* JsonBackupReader.swift */; };
		D4373DC01F71A5A60050562F /* NotificationManager.swift in Sources */ = {isa = PBXBuildFile; fileRef = D4373DBF1F71A5A60050562F /* NotificationManager.swift */; };
		D439CD7122FC671F00E96D35 /* TaskEditStoryboard.storyboard in Resources */ = {isa = PBXBuildFile; fileRef = D439CD7022FC671F00E96D35 /* TaskEditStoryboard.storyboard */; };
		D439CD7322FC6B5900E96D35 /* TaskEditViewController.swift in Sources */ = {isa = PBXBuildFile; fileRef = D439CD7222FC6B5900E96D35 /* TaskEditViewController.swift */; };
		D43FAB5D1AF12D6800A1C55E /* schedule.bak.json in Resources */ = {isa = PBXBuildFile; fileRef = D43FAB5C1AF12D6800A1C55E /* schedule.bak.json */; };
		D45167F720FCDE0A00440B0F /* schedule.2018.json in Resources */ = {isa = PBXBuildFile; fileRef = D45167F620FCDE0A00440B0F /* schedule.2018.json */; };
		D45ABCBA1A6C6B300083F681 /* ScheduleOverrideController.swift in Sources */ = {isa = PBXBuildFile; fileRef = D45ABCB91A6C6B300083F681 /* ScheduleOverrideController.swift */; };
		D45E83731E577861002FAB52 /* .swiftlint.yml in Resources */ = {isa = PBXBuildFile; fileRef = D45E83721E577861002FAB52 /* .swiftlint.yml */; };
		D4605E931A5B162C007406E5 /* SchoolClassesEntity.swift in Sources */ = {isa = PBXBuildFile; fileRef = D4605E921A5B162C007406E5 /* SchoolClassesEntity.swift */; };
		D4605E951A5B1A31007406E5 /* SemesterScheduleLoader.swift in Sources */ = {isa = PBXBuildFile; fileRef = D4605E941A5B1A31007406E5 /* SemesterScheduleLoader.swift */; };
		D46941FE1A6EFCF3008D0CDF /* TaskDetailViewController.swift in Sources */ = {isa = PBXBuildFile; fileRef = D46941FD1A6EFCF3008D0CDF /* TaskDetailViewController.swift */; };
		D46F2ECD1AA238E800F61B69 /* pdfReportWriter.swift in Sources */ = {isa = PBXBuildFile; fileRef = D46F2ECC1AA238E800F61B69 /* pdfReportWriter.swift */; };
		D4711DC41F14FE6600E49022 /* schedule.2017.json in Resources */ = {isa = PBXBuildFile; fileRef = D4711DC31F14FE6600E49022 /* schedule.2017.json */; };
		D47239C21A7451DB00DBEFAD /* WebViewController.swift in Sources */ = {isa = PBXBuildFile; fileRef = D47239C11A7451DB00DBEFAD /* WebViewController.swift */; };
		D47453811B7E1F67005741B6 /* UserColors.swift in Sources */ = {isa = PBXBuildFile; fileRef = D47453801B7E1F67005741B6 /* UserColors.swift */; };
		D475812C1AA739170059BF3C /* ExportViewController.swift in Sources */ = {isa = PBXBuildFile; fileRef = D475812B1AA739170059BF3C /* ExportViewController.swift */; };
		D47B684B1B5C82550061C835 /* TaskNotification.swift in Sources */ = {isa = PBXBuildFile; fileRef = D47B684A1B5C82550061C835 /* TaskNotification.swift */; };
		D481CCCD1A65809000648CFE /* AppDataEntity.swift in Sources */ = {isa = PBXBuildFile; fileRef = D481CCCC1A65809000648CFE /* AppDataEntity.swift */; };
		D481CCCF1A65809000648CFE /* WeekEntity.swift in Sources */ = {isa = PBXBuildFile; fileRef = D481CCCE1A65809000648CFE /* WeekEntity.swift */; };
		D48291D61A9640A1000AFBD1 /* Settings.bundle in Resources */ = {isa = PBXBuildFile; fileRef = D48291D51A9640A0000AFBD1 /* Settings.bundle */; };
		D48291D81A964384000AFBD1 /* CustomUserDefaults.swift in Sources */ = {isa = PBXBuildFile; fileRef = D48291D71A964384000AFBD1 /* CustomUserDefaults.swift */; };
		D497C43F1A6EB4D4008F5B34 /* TaskTableViewCell.swift in Sources */ = {isa = PBXBuildFile; fileRef = D497C43E1A6EB4D4008F5B34 /* TaskTableViewCell.swift */; };
		D497C4411A6EBD56008F5B34 /* TaskTableViewController.swift in Sources */ = {isa = PBXBuildFile; fileRef = D497C4401A6EBD56008F5B34 /* TaskTableViewController.swift */; };
		D49CDF6A1A5E068E00AEB36B /* DailyTaskSmallView.swift in Sources */ = {isa = PBXBuildFile; fileRef = D49CDF691A5E068E00AEB36B /* DailyTaskSmallView.swift */; };
		D49F0EBC1A660AF500BFB92E /* ClassPopupView.swift in Sources */ = {isa = PBXBuildFile; fileRef = D49F0EBB1A660AF500BFB92E /* ClassPopupView.swift */; };
		D4A9DE7D1A5B454400E3AE9E /* SchoolClassView.swift in Sources */ = {isa = PBXBuildFile; fileRef = D4A9DE7C1A5B454400E3AE9E /* SchoolClassView.swift */; };
		D4CC8FB61EAF7244002DAFEA /* JumpToDateViewController.swift in Sources */ = {isa = PBXBuildFile; fileRef = D4CC8FB51EAF7244002DAFEA /* JumpToDateViewController.swift */; };
		D4CC8FB81EB22C06002DAFEA /* NetworkScheduleUpdater.swift in Sources */ = {isa = PBXBuildFile; fileRef = D4CC8FB71EB22C06002DAFEA /* NetworkScheduleUpdater.swift */; };
		D4D5DF391EBCAAFE00A1373D /* ScheduleUpdateViewController.swift in Sources */ = {isa = PBXBuildFile; fileRef = D4D5DF381EBCAAFE00A1373D /* ScheduleUpdateViewController.swift */; };
		D4E9B4001A632C3500C46B29 /* dateHeaderView.swift in Sources */ = {isa = PBXBuildFile; fileRef = D4E9B3FF1A632C3500C46B29 /* dateHeaderView.swift */; };
		D4E9B4041A63374E00C46B29 /* SchoolClassesRepository.swift in Sources */ = {isa = PBXBuildFile; fileRef = D4E9B4031A63374E00C46B29 /* SchoolClassesRepository.swift */; };
/* End PBXBuildFile section */

/* Begin PBXFileReference section */
		D4014B7D1A75BC28002688EE /* LinksPageViewController.swift */ = {isa = PBXFileReference; fileEncoding = 4; lastKnownFileType = sourcecode.swift; path = LinksPageViewController.swift; sourceTree = "<group>"; };
		D40275B81CF739600089CFA1 /* TerpScheduler 2.xcdatamodel */ = {isa = PBXFileReference; lastKnownFileType = wrapper.xcdatamodel; path = "TerpScheduler 2.xcdatamodel"; sourceTree = "<group>"; };
		D4040FDB22DE072300DE7850 /* schedule.2019.json */ = {isa = PBXFileReference; fileEncoding = 4; lastKnownFileType = text.json; path = schedule.2019.json; sourceTree = "<group>"; };
		D4079CA91A47C31100BC333C /* DayLabel.swift */ = {isa = PBXFileReference; fileEncoding = 4; lastKnownFileType = sourcecode.swift; path = DayLabel.swift; sourceTree = "<group>"; };
		D408FD721A432E45004F0B83 /* TerpScheduler.app */ = {isa = PBXFileReference; explicitFileType = wrapper.application; includeInIndex = 0; path = TerpScheduler.app; sourceTree = BUILT_PRODUCTS_DIR; };
		D408FD761A432E45004F0B83 /* Info.plist */ = {isa = PBXFileReference; lastKnownFileType = text.plist.xml; path = Info.plist; sourceTree = "<group>"; };
		D408FD771A432E45004F0B83 /* AppDelegate.swift */ = {isa = PBXFileReference; lastKnownFileType = sourcecode.swift; path = AppDelegate.swift; sourceTree = "<group>"; };
		D408FD7A1A432E45004F0B83 /* TerpScheduler.xcdatamodel */ = {isa = PBXFileReference; lastKnownFileType = wrapper.xcdatamodel; path = TerpScheduler.xcdatamodel; sourceTree = "<group>"; };
		D408FD7C1A432E45004F0B83 /* MainViewController.swift */ = {isa = PBXFileReference; lastKnownFileType = sourcecode.swift; path = MainViewController.swift; sourceTree = "<group>"; };
		D408FD7F1A432E45004F0B83 /* Base */ = {isa = PBXFileReference; lastKnownFileType = file.storyboard; name = Base; path = Base.lproj/Main.storyboard; sourceTree = "<group>"; };
		D408FD811A432E45004F0B83 /* Images.xcassets */ = {isa = PBXFileReference; lastKnownFileType = folder.assetcatalog; path = Images.xcassets; sourceTree = "<group>"; };
		D408FD9A1A432EF3004F0B83 /* DailyTaskEntity.swift */ = {isa = PBXFileReference; fileEncoding = 4; lastKnownFileType = sourcecode.swift; path = DailyTaskEntity.swift; sourceTree = "<group>"; };
		D408FD9C1A43342C004F0B83 /* ClassPeriodViewController.swift */ = {isa = PBXFileReference; fileEncoding = 4; lastKnownFileType = sourcecode.swift; path = ClassPeriodViewController.swift; sourceTree = "<group>"; };
		D416C7181A7039E800AC2AEE /* Repository.swift */ = {isa = PBXFileReference; fileEncoding = 4; lastKnownFileType = sourcecode.swift; path = Repository.swift; sourceTree = "<group>"; };
		D416C71A1A704E6B00AC2AEE /* TaskRepository.swift */ = {isa = PBXFileReference; fileEncoding = 4; lastKnownFileType = sourcecode.swift; path = TaskRepository.swift; sourceTree = "<group>"; };
		D416C71D1A706B2600AC2AEE /* DateRepository.swift */ = {isa = PBXFileReference; fileEncoding = 4; lastKnownFileType = sourcecode.swift; path = DateRepository.swift; sourceTree = "<group>"; };
		D416C71F1A706EFA00AC2AEE /* DataTransferManager.swift */ = {isa = PBXFileReference; fileEncoding = 4; lastKnownFileType = sourcecode.swift; path = DataTransferManager.swift; sourceTree = "<group>"; };
		D41823F51EC5EB15002C5FF7 /* ScheduleTypeData.swift */ = {isa = PBXFileReference; fileEncoding = 4; lastKnownFileType = sourcecode.swift; path = ScheduleTypeData.swift; sourceTree = "<group>"; };
		D41823FA1EC5EEE3002C5FF7 /* TerpScheduler 3.xcdatamodel */ = {isa = PBXFileReference; lastKnownFileType = wrapper.xcdatamodel; path = "TerpScheduler 3.xcdatamodel"; sourceTree = "<group>"; };
		D41823FB1EC611C2002C5FF7 /* scheduleTypes.json */ = {isa = PBXFileReference; fileEncoding = 4; lastKnownFileType = text.json; path = scheduleTypes.json; sourceTree = "<group>"; };
		D42EBACC1B6AA1D600E8F5F0 /* ScheduledNotificationsTableViewController.swift */ = {isa = PBXFileReference; fileEncoding = 4; lastKnownFileType = sourcecode.swift; path = ScheduledNotificationsTableViewController.swift; sourceTree = "<group>"; };
		D42EBACE1B70F0C200E8F5F0 /* JsonBackupWriter.swift */ = {isa = PBXFileReference; fileEncoding = 4; lastKnownFileType = sourcecode.swift; path = JsonBackupWriter.swift; sourceTree = "<group>"; };
		D42EBAD01B70FC0100E8F5F0 /* BackupManager.swift */ = {isa = PBXFileReference; fileEncoding = 4; lastKnownFileType = sourcecode.swift; path = BackupManager.swift; sourceTree = "<group>"; };
		D42EBAD21B7108D100E8F5F0 /* JsonBackupReader.swift */ = {isa = PBXFileReference; fileEncoding = 4; lastKnownFileType = sourcecode.swift; path = JsonBackupReader.swift; sourceTree = "<group>"; };
		D4373DBF1F71A5A60050562F /* NotificationManager.swift */ = {isa = PBXFileReference; fileEncoding = 4; lastKnownFileType = sourcecode.swift; path = NotificationManager.swift; sourceTree = "<group>"; };
		D439CD7022FC671F00E96D35 /* TaskEditStoryboard.storyboard */ = {isa = PBXFileReference; lastKnownFileType = file.storyboard; path = TaskEditStoryboard.storyboard; sourceTree = "<group>"; };
		D439CD7222FC6B5900E96D35 /* TaskEditViewController.swift */ = {isa = PBXFileReference; lastKnownFileType = sourcecode.swift; path = TaskEditViewController.swift; sourceTree = "<group>"; };
		D43FAB5C1AF12D6800A1C55E /* schedule.bak.json */ = {isa = PBXFileReference; fileEncoding = 4; lastKnownFileType = text.json; path = schedule.bak.json; sourceTree = "<group>"; };
		D45167F620FCDE0A00440B0F /* schedule.2018.json */ = {isa = PBXFileReference; fileEncoding = 4; lastKnownFileType = text.json; path = schedule.2018.json; sourceTree = "<group>"; };
		D45ABCB91A6C6B300083F681 /* ScheduleOverrideController.swift */ = {isa = PBXFileReference; fileEncoding = 4; lastKnownFileType = sourcecode.swift; path = ScheduleOverrideController.swift; sourceTree = "<group>"; };
		D45E83721E577861002FAB52 /* .swiftlint.yml */ = {isa = PBXFileReference; fileEncoding = 4; lastKnownFileType = text; path = .swiftlint.yml; sourceTree = SOURCE_ROOT; };
		D4605E921A5B162C007406E5 /* SchoolClassesEntity.swift */ = {isa = PBXFileReference; fileEncoding = 4; lastKnownFileType = sourcecode.swift; path = SchoolClassesEntity.swift; sourceTree = "<group>"; };
		D4605E941A5B1A31007406E5 /* SemesterScheduleLoader.swift */ = {isa = PBXFileReference; fileEncoding = 4; lastKnownFileType = sourcecode.swift; path = SemesterScheduleLoader.swift; sourceTree = "<group>"; };
		D46941FD1A6EFCF3008D0CDF /* TaskDetailViewController.swift */ = {isa = PBXFileReference; fileEncoding = 4; lastKnownFileType = sourcecode.swift; path = TaskDetailViewController.swift; sourceTree = "<group>"; };
		D46F2ECC1AA238E800F61B69 /* pdfReportWriter.swift */ = {isa = PBXFileReference; fileEncoding = 4; lastKnownFileType = sourcecode.swift; path = pdfReportWriter.swift; sourceTree = "<group>"; };
		D4711DC31F14FE6600E49022 /* schedule.2017.json */ = {isa = PBXFileReference; fileEncoding = 4; lastKnownFileType = text.json; path = schedule.2017.json; sourceTree = "<group>"; };
		D47239C11A7451DB00DBEFAD /* WebViewController.swift */ = {isa = PBXFileReference; fileEncoding = 4; lastKnownFileType = sourcecode.swift; path = WebViewController.swift; sourceTree = "<group>"; };
		D47453801B7E1F67005741B6 /* UserColors.swift */ = {isa = PBXFileReference; fileEncoding = 4; lastKnownFileType = sourcecode.swift; path = UserColors.swift; sourceTree = "<group>"; };
		D475812B1AA739170059BF3C /* ExportViewController.swift */ = {isa = PBXFileReference; fileEncoding = 4; lastKnownFileType = sourcecode.swift; path = ExportViewController.swift; sourceTree = "<group>"; };
		D47B684A1B5C82550061C835 /* TaskNotification.swift */ = {isa = PBXFileReference; fileEncoding = 4; lastKnownFileType = sourcecode.swift; path = TaskNotification.swift; sourceTree = "<group>"; };
		D481CCCC1A65809000648CFE /* AppDataEntity.swift */ = {isa = PBXFileReference; fileEncoding = 4; lastKnownFileType = sourcecode.swift; path = AppDataEntity.swift; sourceTree = "<group>"; };
		D481CCCE1A65809000648CFE /* WeekEntity.swift */ = {isa = PBXFileReference; fileEncoding = 4; lastKnownFileType = sourcecode.swift; path = WeekEntity.swift; sourceTree = SOURCE_ROOT; };
		D48291D51A9640A0000AFBD1 /* Settings.bundle */ = {isa = PBXFileReference; lastKnownFileType = "wrapper.plug-in"; path = Settings.bundle; sourceTree = "<group>"; };
		D48291D71A964384000AFBD1 /* CustomUserDefaults.swift */ = {isa = PBXFileReference; fileEncoding = 4; lastKnownFileType = sourcecode.swift; name = CustomUserDefaults.swift; path = ../CustomUserDefaults.swift; sourceTree = "<group>"; };
		D497C43E1A6EB4D4008F5B34 /* TaskTableViewCell.swift */ = {isa = PBXFileReference; fileEncoding = 4; lastKnownFileType = sourcecode.swift; path = TaskTableViewCell.swift; sourceTree = "<group>"; };
		D497C4401A6EBD56008F5B34 /* TaskTableViewController.swift */ = {isa = PBXFileReference; fileEncoding = 4; lastKnownFileType = sourcecode.swift; path = TaskTableViewController.swift; sourceTree = "<group>"; };
		D49CDF691A5E068E00AEB36B /* DailyTaskSmallView.swift */ = {isa = PBXFileReference; fileEncoding = 4; lastKnownFileType = sourcecode.swift; path = DailyTaskSmallView.swift; sourceTree = "<group>"; };
		D49F0EBB1A660AF500BFB92E /* ClassPopupView.swift */ = {isa = PBXFileReference; fileEncoding = 4; lastKnownFileType = sourcecode.swift; path = ClassPopupView.swift; sourceTree = "<group>"; };
		D4A9DE7C1A5B454400E3AE9E /* SchoolClassView.swift */ = {isa = PBXFileReference; fileEncoding = 4; lastKnownFileType = sourcecode.swift; path = SchoolClassView.swift; sourceTree = "<group>"; };
		D4CC8FB51EAF7244002DAFEA /* JumpToDateViewController.swift */ = {isa = PBXFileReference; fileEncoding = 4; lastKnownFileType = sourcecode.swift; path = JumpToDateViewController.swift; sourceTree = "<group>"; };
		D4CC8FB71EB22C06002DAFEA /* NetworkScheduleUpdater.swift */ = {isa = PBXFileReference; fileEncoding = 4; lastKnownFileType = sourcecode.swift; path = NetworkScheduleUpdater.swift; sourceTree = "<group>"; };
		D4D5DF381EBCAAFE00A1373D /* ScheduleUpdateViewController.swift */ = {isa = PBXFileReference; fileEncoding = 4; lastKnownFileType = sourcecode.swift; path = ScheduleUpdateViewController.swift; sourceTree = "<group>"; };
		D4E9B3FF1A632C3500C46B29 /* dateHeaderView.swift */ = {isa = PBXFileReference; fileEncoding = 4; lastKnownFileType = sourcecode.swift; path = dateHeaderView.swift; sourceTree = "<group>"; };
		D4E9B4031A63374E00C46B29 /* SchoolClassesRepository.swift */ = {isa = PBXFileReference; fileEncoding = 4; lastKnownFileType = sourcecode.swift; path = SchoolClassesRepository.swift; sourceTree = "<group>"; };
/* End PBXFileReference section */

/* Begin PBXFrameworksBuildPhase section */
		D408FD6F1A432E45004F0B83 /* Frameworks */ = {
			isa = PBXFrameworksBuildPhase;
			buildActionMask = 2147483647;
			files = (
			);
			runOnlyForDeploymentPostprocessing = 0;
		};
/* End PBXFrameworksBuildPhase section */

/* Begin PBXGroup section */
		D408FD691A432E45004F0B83 = {
			isa = PBXGroup;
			children = (
				D41823FB1EC611C2002C5FF7 /* scheduleTypes.json */,
				D4040FDB22DE072300DE7850 /* schedule.2019.json */,
				D4711DC31F14FE6600E49022 /* schedule.2017.json */,
				D45167F620FCDE0A00440B0F /* schedule.2018.json */,
				D43FAB5C1AF12D6800A1C55E /* schedule.bak.json */,
				D408FD741A432E45004F0B83 /* TerpScheduler */,
				D408FD731A432E45004F0B83 /* Products */,
			);
			sourceTree = "<group>";
		};
		D408FD731A432E45004F0B83 /* Products */ = {
			isa = PBXGroup;
			children = (
				D408FD721A432E45004F0B83 /* TerpScheduler.app */,
			);
			name = Products;
			sourceTree = "<group>";
		};
		D408FD741A432E45004F0B83 /* TerpScheduler */ = {
			isa = PBXGroup;
			children = (
				D49CDF6F1A5E19E600AEB36B /* Models */,
				D49CDF6E1A5E19BD00AEB36B /* ViewControllers */,
				D49CDF6D1A5E19A000AEB36B /* Views */,
				D408FD771A432E45004F0B83 /* AppDelegate.swift */,
				D408FD7E1A432E45004F0B83 /* Main.storyboard */,
				D439CD7022FC671F00E96D35 /* TaskEditStoryboard.storyboard */,
				D408FD811A432E45004F0B83 /* Images.xcassets */,
				D408FD791A432E45004F0B83 /* TerpScheduler.xcdatamodeld */,
				D408FD751A432E45004F0B83 /* Supporting Files */,
				D4605E941A5B1A31007406E5 /* SemesterScheduleLoader.swift */,
				D48291D51A9640A0000AFBD1 /* Settings.bundle */,
				D46F2ECC1AA238E800F61B69 /* pdfReportWriter.swift */,
				D45E83721E577861002FAB52 /* .swiftlint.yml */,
			);
			path = TerpScheduler;
			sourceTree = "<group>";
		};
		D408FD751A432E45004F0B83 /* Supporting Files */ = {
			isa = PBXGroup;
			children = (
				D408FD761A432E45004F0B83 /* Info.plist */,
			);
			name = "Supporting Files";
			sourceTree = "<group>";
		};
		D416C7171A7039B700AC2AEE /* Repositories */ = {
			isa = PBXGroup;
			children = (
				D416C7181A7039E800AC2AEE /* Repository.swift */,
				D416C71A1A704E6B00AC2AEE /* TaskRepository.swift */,
				D416C71D1A706B2600AC2AEE /* DateRepository.swift */,
				D4E9B4031A63374E00C46B29 /* SchoolClassesRepository.swift */,
			);
			name = Repositories;
			sourceTree = "<group>";
		};
		D416C71C1A704FE300AC2AEE /* Entities */ = {
			isa = PBXGroup;
			children = (
				D481CCCE1A65809000648CFE /* WeekEntity.swift */,
				D481CCCC1A65809000648CFE /* AppDataEntity.swift */,
				D408FD9A1A432EF3004F0B83 /* DailyTaskEntity.swift */,
				D4605E921A5B162C007406E5 /* SchoolClassesEntity.swift */,
				D47B684A1B5C82550061C835 /* TaskNotification.swift */,
			);
			name = Entities;
			sourceTree = "<group>";
		};
		D49CDF6D1A5E19A000AEB36B /* Views */ = {
			isa = PBXGroup;
			children = (
				D4079CA91A47C31100BC333C /* DayLabel.swift */,
				D4A9DE7C1A5B454400E3AE9E /* SchoolClassView.swift */,
				D49CDF691A5E068E00AEB36B /* DailyTaskSmallView.swift */,
				D4E9B3FF1A632C3500C46B29 /* dateHeaderView.swift */,
				D49F0EBB1A660AF500BFB92E /* ClassPopupView.swift */,
				D497C43E1A6EB4D4008F5B34 /* TaskTableViewCell.swift */,
			);
			name = Views;
			sourceTree = "<group>";
		};
		D49CDF6E1A5E19BD00AEB36B /* ViewControllers */ = {
			isa = PBXGroup;
			children = (
				D408FD7C1A432E45004F0B83 /* MainViewController.swift */,
				D408FD9C1A43342C004F0B83 /* ClassPeriodViewController.swift */,
				D45ABCB91A6C6B300083F681 /* ScheduleOverrideController.swift */,
				D497C4401A6EBD56008F5B34 /* TaskTableViewController.swift */,
				D46941FD1A6EFCF3008D0CDF /* TaskDetailViewController.swift */,
				D47239C11A7451DB00DBEFAD /* WebViewController.swift */,
				D4014B7D1A75BC28002688EE /* LinksPageViewController.swift */,
				D475812B1AA739170059BF3C /* ExportViewController.swift */,
				D42EBACC1B6AA1D600E8F5F0 /* ScheduledNotificationsTableViewController.swift */,
				D4CC8FB51EAF7244002DAFEA /* JumpToDateViewController.swift */,
				D4D5DF381EBCAAFE00A1373D /* ScheduleUpdateViewController.swift */,
				D439CD7222FC6B5900E96D35 /* TaskEditViewController.swift */,
			);
			name = ViewControllers;
			sourceTree = "<group>";
		};
		D49CDF6F1A5E19E600AEB36B /* Models */ = {
			isa = PBXGroup;
			children = (
				D48291D71A964384000AFBD1 /* CustomUserDefaults.swift */,
				D416C71C1A704FE300AC2AEE /* Entities */,
				D416C7171A7039B700AC2AEE /* Repositories */,
				D416C71F1A706EFA00AC2AEE /* DataTransferManager.swift */,
				D42EBACE1B70F0C200E8F5F0 /* JsonBackupWriter.swift */,
				D42EBAD01B70FC0100E8F5F0 /* BackupManager.swift */,
				D42EBAD21B7108D100E8F5F0 /* JsonBackupReader.swift */,
				D47453801B7E1F67005741B6 /* UserColors.swift */,
				D4CC8FB71EB22C06002DAFEA /* NetworkScheduleUpdater.swift */,
				D41823F51EC5EB15002C5FF7 /* ScheduleTypeData.swift */,
				D4373DBF1F71A5A60050562F /* NotificationManager.swift */,
			);
			name = Models;
			sourceTree = "<group>";
		};
/* End PBXGroup section */

/* Begin PBXNativeTarget section */
		D408FD711A432E45004F0B83 /* TerpScheduler */ = {
			isa = PBXNativeTarget;
			buildConfigurationList = D408FD941A432E45004F0B83 /* Build configuration list for PBXNativeTarget "TerpScheduler" */;
			buildPhases = (
				D408FD6E1A432E45004F0B83 /* Sources */,
				D408FD6F1A432E45004F0B83 /* Frameworks */,
				D408FD701A432E45004F0B83 /* Resources */,
			);
			buildRules = (
			);
			dependencies = (
			);
			name = TerpScheduler;
			productName = TerpScheduler;
			productReference = D408FD721A432E45004F0B83 /* TerpScheduler.app */;
			productType = "com.apple.product-type.application";
		};
/* End PBXNativeTarget section */

/* Begin PBXProject section */
		D408FD6A1A432E45004F0B83 /* Project object */ = {
			isa = PBXProject;
			attributes = {
				LastSwiftMigration = 0700;
				LastSwiftUpdateCheck = 0700;
				LastUpgradeCheck = 1020;
				ORGANIZATIONNAME = "Tampa Preparatory School";
				TargetAttributes = {
					D408FD711A432E45004F0B83 = {
						CreatedOnToolsVersion = 6.1.1;
						DevelopmentTeam = 6MNL48WNZE;
						LastSwiftMigration = 1020;
					};
				};
			};
			buildConfigurationList = D408FD6D1A432E45004F0B83 /* Build configuration list for PBXProject "TerpScheduler" */;
			compatibilityVersion = "Xcode 3.2";
			developmentRegion = en;
			hasScannedForEncodings = 0;
			knownRegions = (
				en,
				Base,
			);
			mainGroup = D408FD691A432E45004F0B83;
			productRefGroup = D408FD731A432E45004F0B83 /* Products */;
			projectDirPath = "";
			projectRoot = "";
			targets = (
				D408FD711A432E45004F0B83 /* TerpScheduler */,
			);
		};
/* End PBXProject section */

/* Begin PBXResourcesBuildPhase section */
		D408FD701A432E45004F0B83 /* Resources */ = {
			isa = PBXResourcesBuildPhase;
			buildActionMask = 2147483647;
			files = (
				D45167F720FCDE0A00440B0F /* schedule.2018.json in Resources */,
				D45E83731E577861002FAB52 /* .swiftlint.yml in Resources */,
				D439CD7122FC671F00E96D35 /* TaskEditStoryboard.storyboard in Resources */,
				D48291D61A9640A1000AFBD1 /* Settings.bundle in Resources */,
				D41823FC1EC611C2002C5FF7 /* scheduleTypes.json in Resources */,
				D4040FDC22DE072300DE7850 /* schedule.2019.json in Resources */,
				D408FD801A432E45004F0B83 /* Main.storyboard in Resources */,
				D4711DC41F14FE6600E49022 /* schedule.2017.json in Resources */,
				D43FAB5D1AF12D6800A1C55E /* schedule.bak.json in Resources */,
				D408FD821A432E45004F0B83 /* Images.xcassets in Resources */,
			);
			runOnlyForDeploymentPostprocessing = 0;
		};
/* End PBXResourcesBuildPhase section */

/* Begin PBXSourcesBuildPhase section */
		D408FD6E1A432E45004F0B83 /* Sources */ = {
			isa = PBXSourcesBuildPhase;
			buildActionMask = 2147483647;
			files = (
				D416C7201A706EFA00AC2AEE /* DataTransferManager.swift in Sources */,
				D481CCCF1A65809000648CFE /* WeekEntity.swift in Sources */,
				D481CCCD1A65809000648CFE /* AppDataEntity.swift in Sources */,
				D408FD9B1A432EF3004F0B83 /* DailyTaskEntity.swift in Sources */,
				D48291D81A964384000AFBD1 /* CustomUserDefaults.swift in Sources */,
				D497C43F1A6EB4D4008F5B34 /* TaskTableViewCell.swift in Sources */,
				D4373DC01F71A5A60050562F /* NotificationManager.swift in Sources */,
				D408FD7D1A432E45004F0B83 /* MainViewController.swift in Sources */,
				D45ABCBA1A6C6B300083F681 /* ScheduleOverrideController.swift in Sources */,
				D47453811B7E1F67005741B6 /* UserColors.swift in Sources */,
				D47239C21A7451DB00DBEFAD /* WebViewController.swift in Sources */,
				D47B684B1B5C82550061C835 /* TaskNotification.swift in Sources */,
				D4CC8FB81EB22C06002DAFEA /* NetworkScheduleUpdater.swift in Sources */,
				D46941FE1A6EFCF3008D0CDF /* TaskDetailViewController.swift in Sources */,
				D42EBACF1B70F0C200E8F5F0 /* JsonBackupWriter.swift in Sources */,
				D408FD7B1A432E45004F0B83 /* TerpScheduler.xcdatamodeld in Sources */,
				D4E9B4001A632C3500C46B29 /* dateHeaderView.swift in Sources */,
				D408FD9D1A43342C004F0B83 /* ClassPeriodViewController.swift in Sources */,
				D42EBAD31B7108D100E8F5F0 /* JsonBackupReader.swift in Sources */,
				D4079CAA1A47C31100BC333C /* DayLabel.swift in Sources */,
				D49F0EBC1A660AF500BFB92E /* ClassPopupView.swift in Sources */,
				D41823F61EC5EB15002C5FF7 /* ScheduleTypeData.swift in Sources */,
				D4D5DF391EBCAAFE00A1373D /* ScheduleUpdateViewController.swift in Sources */,
				D408FD781A432E45004F0B83 /* AppDelegate.swift in Sources */,
				D4014B7E1A75BC28002688EE /* LinksPageViewController.swift in Sources */,
				D4CC8FB61EAF7244002DAFEA /* JumpToDateViewController.swift in Sources */,
				D416C7191A7039E800AC2AEE /* Repository.swift in Sources */,
				D475812C1AA739170059BF3C /* ExportViewController.swift in Sources */,
				D42EBACD1B6AA1D600E8F5F0 /* ScheduledNotificationsTableViewController.swift in Sources */,
				D4605E931A5B162C007406E5 /* SchoolClassesEntity.swift in Sources */,
				D4A9DE7D1A5B454400E3AE9E /* SchoolClassView.swift in Sources */,
				D497C4411A6EBD56008F5B34 /* TaskTableViewController.swift in Sources */,
				D416C71B1A704E6B00AC2AEE /* TaskRepository.swift in Sources */,
				D4E9B4041A63374E00C46B29 /* SchoolClassesRepository.swift in Sources */,
				D416C71E1A706B2600AC2AEE /* DateRepository.swift in Sources */,
				D46F2ECD1AA238E800F61B69 /* pdfReportWriter.swift in Sources */,
				D4605E951A5B1A31007406E5 /* SemesterScheduleLoader.swift in Sources */,
				D49CDF6A1A5E068E00AEB36B /* DailyTaskSmallView.swift in Sources */,
				D42EBAD11B70FC0100E8F5F0 /* BackupManager.swift in Sources */,
				D439CD7322FC6B5900E96D35 /* TaskEditViewController.swift in Sources */,
			);
			runOnlyForDeploymentPostprocessing = 0;
		};
/* End PBXSourcesBuildPhase section */

/* Begin PBXVariantGroup section */
		D408FD7E1A432E45004F0B83 /* Main.storyboard */ = {
			isa = PBXVariantGroup;
			children = (
				D408FD7F1A432E45004F0B83 /* Base */,
			);
			name = Main.storyboard;
			sourceTree = "<group>";
		};
/* End PBXVariantGroup section */

/* Begin XCBuildConfiguration section */
		D408FD921A432E45004F0B83 /* Debug */ = {
			isa = XCBuildConfiguration;
			buildSettings = {
				ALWAYS_SEARCH_USER_PATHS = NO;
				CLANG_CXX_LANGUAGE_STANDARD = "gnu++0x";
				CLANG_CXX_LIBRARY = "libc++";
				CLANG_ENABLE_MODULES = YES;
				CLANG_ENABLE_OBJC_ARC = YES;
				CLANG_OPTIMIZATION_PROFILE_FILE = "";
				CLANG_WARN_BLOCK_CAPTURE_AUTORELEASING = YES;
				CLANG_WARN_BOOL_CONVERSION = YES;
				CLANG_WARN_COMMA = YES;
				CLANG_WARN_CONSTANT_CONVERSION = YES;
				CLANG_WARN_DEPRECATED_OBJC_IMPLEMENTATIONS = YES;
				CLANG_WARN_DIRECT_OBJC_ISA_USAGE = YES_ERROR;
				CLANG_WARN_EMPTY_BODY = YES;
				CLANG_WARN_ENUM_CONVERSION = YES;
				CLANG_WARN_INFINITE_RECURSION = YES;
				CLANG_WARN_INT_CONVERSION = YES;
				CLANG_WARN_NON_LITERAL_NULL_CONVERSION = YES;
				CLANG_WARN_OBJC_IMPLICIT_RETAIN_SELF = YES;
				CLANG_WARN_OBJC_LITERAL_CONVERSION = YES;
				CLANG_WARN_OBJC_ROOT_CLASS = YES_ERROR;
				CLANG_WARN_RANGE_LOOP_ANALYSIS = YES;
				CLANG_WARN_STRICT_PROTOTYPES = YES;
				CLANG_WARN_SUSPICIOUS_MOVE = YES;
				CLANG_WARN_UNREACHABLE_CODE = YES;
				CLANG_WARN__DUPLICATE_METHOD_MATCH = YES;
				CODE_SIGN_IDENTITY = "iPhone Developer";
				"CODE_SIGN_IDENTITY[sdk=iphoneos*]" = "iPhone Developer";
				COPY_PHASE_STRIP = NO;
				ENABLE_STRICT_OBJC_MSGSEND = YES;
				ENABLE_TESTABILITY = YES;
				GCC_C_LANGUAGE_STANDARD = gnu99;
				GCC_DYNAMIC_NO_PIC = NO;
				GCC_NO_COMMON_BLOCKS = YES;
				GCC_OPTIMIZATION_LEVEL = 0;
				GCC_PREPROCESSOR_DEFINITIONS = (
					"DEBUG=1",
					"$(inherited)",
				);
				GCC_SYMBOLS_PRIVATE_EXTERN = NO;
				GCC_WARN_64_TO_32_BIT_CONVERSION = YES;
				GCC_WARN_ABOUT_RETURN_TYPE = YES_ERROR;
				GCC_WARN_UNDECLARED_SELECTOR = YES;
				GCC_WARN_UNINITIALIZED_AUTOS = YES_AGGRESSIVE;
				GCC_WARN_UNUSED_FUNCTION = YES;
				GCC_WARN_UNUSED_VARIABLE = YES;
				IPHONEOS_DEPLOYMENT_TARGET = 11.4;
				MTL_ENABLE_DEBUG_INFO = YES;
				ONLY_ACTIVE_ARCH = YES;
				"OTHER_SWIFT_FLAGS[arch=*]" = "-DDEBUG";
				SDKROOT = iphoneos;
				SWIFT_OPTIMIZATION_LEVEL = "-Onone";
				TARGETED_DEVICE_FAMILY = "1,2";
				VERSIONING_SYSTEM = "apple-generic";
			};
			name = Debug;
		};
		D408FD931A432E45004F0B83 /* Release */ = {
			isa = XCBuildConfiguration;
			buildSettings = {
				ALWAYS_SEARCH_USER_PATHS = NO;
				CLANG_CXX_LANGUAGE_STANDARD = "gnu++0x";
				CLANG_CXX_LIBRARY = "libc++";
				CLANG_ENABLE_MODULES = YES;
				CLANG_ENABLE_OBJC_ARC = YES;
				CLANG_OPTIMIZATION_PROFILE_FILE = "";
				CLANG_WARN_BLOCK_CAPTURE_AUTORELEASING = YES;
				CLANG_WARN_BOOL_CONVERSION = YES;
				CLANG_WARN_COMMA = YES;
				CLANG_WARN_CONSTANT_CONVERSION = YES;
				CLANG_WARN_DEPRECATED_OBJC_IMPLEMENTATIONS = YES;
				CLANG_WARN_DIRECT_OBJC_ISA_USAGE = YES_ERROR;
				CLANG_WARN_EMPTY_BODY = YES;
				CLANG_WARN_ENUM_CONVERSION = YES;
				CLANG_WARN_INFINITE_RECURSION = YES;
				CLANG_WARN_INT_CONVERSION = YES;
				CLANG_WARN_NON_LITERAL_NULL_CONVERSION = YES;
				CLANG_WARN_OBJC_IMPLICIT_RETAIN_SELF = YES;
				CLANG_WARN_OBJC_LITERAL_CONVERSION = YES;
				CLANG_WARN_OBJC_ROOT_CLASS = YES_ERROR;
				CLANG_WARN_RANGE_LOOP_ANALYSIS = YES;
				CLANG_WARN_STRICT_PROTOTYPES = YES;
				CLANG_WARN_SUSPICIOUS_MOVE = YES;
				CLANG_WARN_UNREACHABLE_CODE = YES;
				CLANG_WARN__DUPLICATE_METHOD_MATCH = YES;
				CODE_SIGN_IDENTITY = "iPhone Developer";
				"CODE_SIGN_IDENTITY[sdk=iphoneos*]" = "iPhone Developer";
				COPY_PHASE_STRIP = YES;
				ENABLE_NS_ASSERTIONS = NO;
				ENABLE_STRICT_OBJC_MSGSEND = YES;
				GCC_C_LANGUAGE_STANDARD = gnu99;
				GCC_NO_COMMON_BLOCKS = YES;
				GCC_OPTIMIZATION_LEVEL = s;
				GCC_WARN_64_TO_32_BIT_CONVERSION = YES;
				GCC_WARN_ABOUT_RETURN_TYPE = YES_ERROR;
				GCC_WARN_UNDECLARED_SELECTOR = YES;
				GCC_WARN_UNINITIALIZED_AUTOS = YES_AGGRESSIVE;
				GCC_WARN_UNUSED_FUNCTION = YES;
				GCC_WARN_UNUSED_VARIABLE = YES;
				IPHONEOS_DEPLOYMENT_TARGET = 11.4;
				MTL_ENABLE_DEBUG_INFO = NO;
				"OTHER_SWIFT_FLAGS[arch=*]" = "-DRELEASE";
				SDKROOT = iphoneos;
				SWIFT_OPTIMIZATION_LEVEL = "-Owholemodule";
				TARGETED_DEVICE_FAMILY = "1,2";
				VALIDATE_PRODUCT = YES;
				VERSIONING_SYSTEM = "apple-generic";
			};
			name = Release;
		};
		D408FD951A432E45004F0B83 /* Debug */ = {
			isa = XCBuildConfiguration;
			buildSettings = {
				ASSETCATALOG_COMPILER_APPICON_NAME = AppIcon;
				ASSETCATALOG_COMPILER_LAUNCHIMAGE_NAME = LaunchImage;
				CLANG_ENABLE_MODULES = YES;
				CLANG_USE_OPTIMIZATION_PROFILE = YES;
				CODE_SIGN_IDENTITY = "iPhone Developer";
				"CODE_SIGN_IDENTITY[sdk=iphoneos*]" = "iPhone Developer";
				CURRENT_PROJECT_VERSION = 1.4.1;
				DEVELOPMENT_TEAM = 6MNL48WNZE;
				GCC_WARN_SHADOW = YES;
				GCC_WARN_UNUSED_PARAMETER = YES;
				INFOPLIST_FILE = TerpScheduler/Info.plist;
				IPHONEOS_DEPLOYMENT_TARGET = 11.4;
				LD_RUNPATH_SEARCH_PATHS = "$(inherited) @executable_path/Frameworks";
				PRODUCT_BUNDLE_IDENTIFIER = "com.tampaprep.$(PRODUCT_NAME:rfc1034identifier)";
				PRODUCT_NAME = "$(TARGET_NAME)";
				PROVISIONING_PROFILE = "";
				SWIFT_OBJC_BRIDGING_HEADER = "TerpScheduler/TerpScheduler-Bridging-Header.h";
				SWIFT_OPTIMIZATION_LEVEL = "-Onone";
				SWIFT_VERSION = 5.0;
				TARGETED_DEVICE_FAMILY = 2;
				VERSIONING_SYSTEM = "apple-generic";
			};
			name = Debug;
		};
		D408FD961A432E45004F0B83 /* Release */ = {
			isa = XCBuildConfiguration;
			buildSettings = {
				ASSETCATALOG_COMPILER_APPICON_NAME = AppIcon;
				ASSETCATALOG_COMPILER_LAUNCHIMAGE_NAME = LaunchImage;
				CLANG_ENABLE_MODULES = YES;
				CLANG_USE_OPTIMIZATION_PROFILE = YES;
				CODE_SIGN_IDENTITY = "iPhone Developer";
				"CODE_SIGN_IDENTITY[sdk=iphoneos*]" = "iPhone Developer";
				CURRENT_PROJECT_VERSION = 1.4.1;
				DEVELOPMENT_TEAM = 6MNL48WNZE;
				GCC_WARN_SHADOW = YES;
				GCC_WARN_UNUSED_PARAMETER = YES;
				INFOPLIST_FILE = TerpScheduler/Info.plist;
				IPHONEOS_DEPLOYMENT_TARGET = 11.4;
				LD_RUNPATH_SEARCH_PATHS = "$(inherited) @executable_path/Frameworks";
				PRODUCT_BUNDLE_IDENTIFIER = "com.tampaprep.$(PRODUCT_NAME:rfc1034identifier)";
				PRODUCT_NAME = "$(TARGET_NAME)";
				PROVISIONING_PROFILE = "";
				SWIFT_OBJC_BRIDGING_HEADER = "TerpScheduler/TerpScheduler-Bridging-Header.h";
				SWIFT_VERSION = 5.0;
				TARGETED_DEVICE_FAMILY = 2;
				VERSIONING_SYSTEM = "apple-generic";
			};
			name = Release;
		};
/* End XCBuildConfiguration section */

/* Begin XCConfigurationList section */
		D408FD6D1A432E45004F0B83 /* Build configuration list for PBXProject "TerpScheduler" */ = {
			isa = XCConfigurationList;
			buildConfigurations = (
				D408FD921A432E45004F0B83 /* Debug */,
				D408FD931A432E45004F0B83 /* Release */,
			);
			defaultConfigurationIsVisible = 0;
			defaultConfigurationName = Release;
		};
		D408FD941A432E45004F0B83 /* Build configuration list for PBXNativeTarget "TerpScheduler" */ = {
			isa = XCConfigurationList;
			buildConfigurations = (
				D408FD951A432E45004F0B83 /* Debug */,
				D408FD961A432E45004F0B83 /* Release */,
			);
			defaultConfigurationIsVisible = 0;
			defaultConfigurationName = Release;
		};
/* End XCConfigurationList section */

/* Begin XCVersionGroup section */
		D408FD791A432E45004F0B83 /* TerpScheduler.xcdatamodeld */ = {
			isa = XCVersionGroup;
			children = (
				D41823FA1EC5EEE3002C5FF7 /* TerpScheduler 3.xcdatamodel */,
				D40275B81CF739600089CFA1 /* TerpScheduler 2.xcdatamodel */,
				D408FD7A1A432E45004F0B83 /* TerpScheduler.xcdatamodel */,
			);
			currentVersion = D40275B81CF739600089CFA1 /* TerpScheduler 2.xcdatamodel */;
			path = TerpScheduler.xcdatamodeld;
			sourceTree = "<group>";
			versionGroupType = wrapper.xcdatamodel;
		};
/* End XCVersionGroup section */
	};
	rootObject = D408FD6A1A432E45004F0B83 /* Project object */;
}
